PODS:
  - KMPNativeCoroutinesAsync (1.0.0-ALPHA-18):
    - KMPNativeCoroutinesCore (= 1.0.0-ALPHA-18)
  - KMPNativeCoroutinesCore (1.0.0-ALPHA-18)
  - shared (1.0)

DEPENDENCIES:
  - KMPNativeCoroutinesAsync (= 1.0.0-ALPHA-18)
  - KMPNativeCoroutinesCore (= 1.0.0-ALPHA-18)
  - shared (from `../shared`)

SPEC REPOS:
  trunk:
    - KMPNativeCoroutinesAsync
    - KMPNativeCoroutinesCore

EXTERNAL SOURCES:
  shared:
    :path: "../shared"

SPEC CHECKSUMS:
  KMPNativeCoroutinesAsync: 91d86216afbd78a569c2e6d01c1edf914d344812
  KMPNativeCoroutinesCore: fa73bbfb4f56ef9ff45666646374c43d717110f3
  shared: 85db58419ed82dc83173f7cb5c2888eddf35c88d

PODFILE CHECKSUM: b9de8ff98230e78301288c0590b05340a349212d

COCOAPODS: 1.16.2
